
Microsoft Visual Studio Solution File, Format Version 12.00
# Visual Studio Version 16
VisualStudioVersion = 16.0.33027.164
MinimumVisualStudioVersion = 10.0.40219.1
Project("{9A19103F-16F7-4668-BE54-9A1E7A4F7556}") = "CarRentalManagement.Server", "CarRentalManagement\Server\CarRentalManagement.Server.csproj", "{DA8DBA9C-CF43-4FB9-B422-718E67010D84}"
EndProject
Project("{9A19103F-16F7-4668-BE54-9A1E7A4F7556}") = "CarRentalManagement.Client", "CarRentalManagement\Client\CarRentalManagement.Client.csproj", "{D96A2144-05BB-447F-B3E3-2791BADFFE71}"
EndProject
Project("{9A19103F-16F7-4668-BE54-9A1E7A4F7556}") = "CarRentalManagement.Shared", "CarRentalManagement\Shared\CarRentalManagement.Shared.csproj", "{8DE9BE7B-02BB-4AD2-A200-00E8745B5DB2}"
EndProject
Global
	GlobalSection(SolutionConfigurationPlatforms) = preSolution
		Debug|Any CPU = Debug|Any CPU
		Release|Any CPU = Release|Any CPU
	EndGlobalSection
	GlobalSection(ProjectConfigurationPlatforms) = postSolution
		{DA8DBA9C-CF43-4FB9-B422-718E67010D84}.Debug|Any CPU.ActiveCfg = Debug|Any CPU
		{DA8DBA9C-CF43-4FB9-B422-718E67010D84}.Debug|Any CPU.Build.0 = Debug|Any CPU
		{DA8DBA9C-CF43-4FB9-B422-718E67010D84}.Release|Any CPU.ActiveCfg = Release|Any CPU
		{DA8DBA9C-CF43-4FB9-B422-718E67010D84}.Release|Any CPU.Build.0 = Release|Any CPU
		{D96A2144-05BB-447F-B3E3-2791BADFFE71}.Debug|Any CPU.ActiveCfg = Debug|Any CPU
		{D96A2144-05BB-447F-B3E3-2791BADFFE71}.Debug|Any CPU.Build.0 = Debug|Any CPU
		{D96A2144-05BB-447F-B3E3-2791BADFFE71}.Release|Any CPU.ActiveCfg = Release|Any CPU
		{D96A2144-05BB-447F-B3E3-2791BADFFE71}.Release|Any CPU.Build.0 = Release|Any CPU
		{8DE9BE7B-02BB-4AD2-A200-00E8745B5DB2}.Debug|Any CPU.ActiveCfg = Debug|Any CPU
		{8DE9BE7B-02BB-4AD2-A200-00E8745B5DB2}.Debug|Any CPU.Build.0 = Debug|Any CPU
		{8DE9BE7B-02BB-4AD2-A200-00E8745B5DB2}.Release|Any CPU.ActiveCfg = Release|Any CPU
		{8DE9BE7B-02BB-4AD2-A200-00E8745B5DB2}.Release|Any CPU.Build.0 = Release|Any CPU
	EndGlobalSection
	GlobalSection(SolutionProperties) = preSolution
		HideSolutionNode = FALSE
	EndGlobalSection
	GlobalSection(ExtensibilityGlobals) = postSolution
		SolutionGuid = {2AAF6965-FDF5-4DCF-BDD6-F84606384362}
	EndGlobalSection
EndGlobal
